
Microsoft Visual Studio Solution File, Format Version 12.00
# Visual Studio Version 17
VisualStudioVersion = 17.7.34031.279
MinimumVisualStudioVersion = 10.0.40219.1
Project("{2150E333-8FDC-42A3-9474-1A3956D46DE8}") = "Examples", "Examples", "{FB46E145-5DA1-43E4-94C0-9991D883C0D3}"
EndProject
Project("{9A19103F-16F7-4668-BE54-9A1E7A4F7556}") = "Chinnok.Gccg", "Examples\Chinnok.Gccg\Chinnok.Gccg.csproj", "{30762CCC-A52A-4D48-BE4E-50B4C6B66C10}"
EndProject
Project("{9A19103F-16F7-4668-BE54-9A1E7A4F7556}") = "Chinook.Data", "Examples\Chinook.Data\Chinook.Data.csproj", "{FEDAD25D-90B2-47A2-A15C-F675B22944B5}"
EndProject
Project("{9A19103F-16F7-4668-BE54-9A1E7A4F7556}") = "Chinook.DataClient", "Examples\Chinook.DataClient\Chinook.DataClient.csproj", "{61D37668-39A1-485D-B4FA-993B2F8A55EA}"
EndProject
Project("{9A19103F-16F7-4668-BE54-9A1E7A4F7556}") = "Chinook.DataUnitTest", "Examples\Chinook.DataUnitTest\Chinook.DataUnitTest.csproj", "{1767BF06-9493-4B71-8A2B-3D4955C8152A}"
EndProject
Project("{9A19103F-16F7-4668-BE54-9A1E7A4F7556}") = "Chinook.WebApi", "Examples\Chinook.WebApi\Chinook.WebApi.csproj", "{DD08F8CA-CC63-4762-84FD-8569CA4632C6}"
EndProject
Project("{9A19103F-16F7-4668-BE54-9A1E7A4F7556}") = "Chinook.WebApiClient", "Examples\Chinook.WebApiClient\Chinook.WebApiClient.csproj", "{51D42797-B6BC-423F-B539-C93C4C80F68F}"
EndProject
Project("{FAE04EC0-301F-11D3-BF4B-00C04F79EFBC}") = "Gccg.Core", "Gccg.Core\Gccg.Core.csproj", "{35560C2D-97A7-4008-B9C8-40577F0B1465}"
EndProject
Project("{FAE04EC0-301F-11D3-BF4B-00C04F79EFBC}") = "Gccg", "Gccg\Gccg.csproj", "{68276F17-9481-4BAB-8B27-0CD9BBE105FF}"
EndProject
Project("{FAE04EC0-301F-11D3-BF4B-00C04F79EFBC}") = "Gccg.Windows", "Gccg.Windows\Gccg.Windows.csproj", "{E2FC6E8D-57A5-4813-81A2-2BFF4041E5C3}"
EndProject
Project("{FAE04EC0-301F-11D3-BF4B-00C04F79EFBC}") = "Gccg.UnitTest", "Gccg.UnitTest\Gccg.UnitTest.csproj", "{8212F7E2-AC97-423E-922B-76221B70D733}"
EndProject
Global
	GlobalSection(SolutionConfigurationPlatforms) = preSolution
		Debug|Any CPU = Debug|Any CPU
		Release|Any CPU = Release|Any CPU
	EndGlobalSection
	GlobalSection(ProjectConfigurationPlatforms) = postSolution
		{30762CCC-A52A-4D48-BE4E-50B4C6B66C10}.Debug|Any CPU.ActiveCfg = Debug|Any CPU
		{30762CCC-A52A-4D48-BE4E-50B4C6B66C10}.Debug|Any CPU.Build.0 = Debug|Any CPU
		{30762CCC-A52A-4D48-BE4E-50B4C6B66C10}.Release|Any CPU.ActiveCfg = Release|Any CPU
		{30762CCC-A52A-4D48-BE4E-50B4C6B66C10}.Release|Any CPU.Build.0 = Release|Any CPU
		{FEDAD25D-90B2-47A2-A15C-F675B22944B5}.Debug|Any CPU.ActiveCfg = Debug|Any CPU
		{FEDAD25D-90B2-47A2-A15C-F675B22944B5}.Debug|Any CPU.Build.0 = Debug|Any CPU
		{FEDAD25D-90B2-47A2-A15C-F675B22944B5}.Release|Any CPU.ActiveCfg = Release|Any CPU
		{FEDAD25D-90B2-47A2-A15C-F675B22944B5}.Release|Any CPU.Build.0 = Release|Any CPU
		{61D37668-39A1-485D-B4FA-993B2F8A55EA}.Debug|Any CPU.ActiveCfg = Debug|Any CPU
		{61D37668-39A1-485D-B4FA-993B2F8A55EA}.Release|Any CPU.ActiveCfg = Release|Any CPU
		{61D37668-39A1-485D-B4FA-993B2F8A55EA}.Release|Any CPU.Build.0 = Release|Any CPU
		{1767BF06-9493-4B71-8A2B-3D4955C8152A}.Debug|Any CPU.ActiveCfg = Debug|Any CPU
		{1767BF06-9493-4B71-8A2B-3D4955C8152A}.Release|Any CPU.ActiveCfg = Release|Any CPU
		{1767BF06-9493-4B71-8A2B-3D4955C8152A}.Release|Any CPU.Build.0 = Release|Any CPU
		{DD08F8CA-CC63-4762-84FD-8569CA4632C6}.Debug|Any CPU.ActiveCfg = Debug|Any CPU
		{DD08F8CA-CC63-4762-84FD-8569CA4632C6}.Release|Any CPU.ActiveCfg = Release|Any CPU
		{DD08F8CA-CC63-4762-84FD-8569CA4632C6}.Release|Any CPU.Build.0 = Release|Any CPU
		{51D42797-B6BC-423F-B539-C93C4C80F68F}.Debug|Any CPU.ActiveCfg = Debug|Any CPU
		{51D42797-B6BC-423F-B539-C93C4C80F68F}.Release|Any CPU.ActiveCfg = Release|Any CPU
		{51D42797-B6BC-423F-B539-C93C4C80F68F}.Release|Any CPU.Build.0 = Release|Any CPU
		{35560C2D-97A7-4008-B9C8-40577F0B1465}.Debug|Any CPU.ActiveCfg = Debug|Any CPU
		{35560C2D-97A7-4008-B9C8-40577F0B1465}.Debug|Any CPU.Build.0 = Debug|Any CPU
		{35560C2D-97A7-4008-B9C8-40577F0B1465}.Release|Any CPU.ActiveCfg = Release|Any CPU
		{35560C2D-97A7-4008-B9C8-40577F0B1465}.Release|Any CPU.Build.0 = Release|Any CPU
		{68276F17-9481-4BAB-8B27-0CD9BBE105FF}.Debug|Any CPU.ActiveCfg = Debug|Any CPU
		{68276F17-9481-4BAB-8B27-0CD9BBE105FF}.Debug|Any CPU.Build.0 = Debug|Any CPU
		{68276F17-9481-4BAB-8B27-0CD9BBE105FF}.Release|Any CPU.ActiveCfg = Release|Any CPU
		{68276F17-9481-4BAB-8B27-0CD9BBE105FF}.Release|Any CPU.Build.0 = Release|Any CPU
		{E2FC6E8D-57A5-4813-81A2-2BFF4041E5C3}.Debug|Any CPU.ActiveCfg = Debug|Any CPU
		{E2FC6E8D-57A5-4813-81A2-2BFF4041E5C3}.Debug|Any CPU.Build.0 = Debug|Any CPU
		{E2FC6E8D-57A5-4813-81A2-2BFF4041E5C3}.Release|Any CPU.ActiveCfg = Release|Any CPU
		{E2FC6E8D-57A5-4813-81A2-2BFF4041E5C3}.Release|Any CPU.Build.0 = Release|Any CPU
		{8212F7E2-AC97-423E-922B-76221B70D733}.Debug|Any CPU.ActiveCfg = Debug|Any CPU
		{8212F7E2-AC97-423E-922B-76221B70D733}.Debug|Any CPU.Build.0 = Debug|Any CPU
		{8212F7E2-AC97-423E-922B-76221B70D733}.Release|Any CPU.ActiveCfg = Release|Any CPU
		{8212F7E2-AC97-423E-922B-76221B70D733}.Release|Any CPU.Build.0 = Release|Any CPU
	EndGlobalSection
	GlobalSection(SolutionProperties) = preSolution
		HideSolutionNode = FALSE
	EndGlobalSection
	GlobalSection(NestedProjects) = preSolution
		{30762CCC-A52A-4D48-BE4E-50B4C6B66C10} = {FB46E145-5DA1-43E4-94C0-9991D883C0D3}
		{FEDAD25D-90B2-47A2-A15C-F675B22944B5} = {FB46E145-5DA1-43E4-94C0-9991D883C0D3}
		{61D37668-39A1-485D-B4FA-993B2F8A55EA} = {FB46E145-5DA1-43E4-94C0-9991D883C0D3}
		{1767BF06-9493-4B71-8A2B-3D4955C8152A} = {FB46E145-5DA1-43E4-94C0-9991D883C0D3}
		{DD08F8CA-CC63-4762-84FD-8569CA4632C6} = {FB46E145-5DA1-43E4-94C0-9991D883C0D3}
		{51D42797-B6BC-423F-B539-C93C4C80F68F} = {FB46E145-5DA1-43E4-94C0-9991D883C0D3}
	EndGlobalSection
	GlobalSection(ExtensibilityGlobals) = postSolution
		SolutionGuid = {546425D8-4D0E-45FE-9437-C4773CE608FC}
	EndGlobalSection
EndGlobal
