
Microsoft Visual Studio Solution File, Format Version 12.00
# Visual Studio Version 17
VisualStudioVersion = 17.5.002.0
MinimumVisualStudioVersion = 10.0.40219.1
Project("{9A19103F-16F7-4668-BE54-9A1E7A4F7556}") = "Chinook.Gccg", "Chinook.Gccg\Chinook.Gccg.csproj", "{FFCC3B5A-7A65-453A-9C77-3B3CDB79F3A6}"
EndProject
Global
	GlobalSection(SolutionConfigurationPlatforms) = preSolution
		Debug|Any CPU = Debug|Any CPU
		Release|Any CPU = Release|Any CPU
	EndGlobalSection
	GlobalSection(ProjectConfigurationPlatforms) = postSolution
		{FFCC3B5A-7A65-453A-9C77-3B3CDB79F3A6}.Debug|Any CPU.ActiveCfg = Debug|Any CPU
		{FFCC3B5A-7A65-453A-9C77-3B3CDB79F3A6}.Debug|Any CPU.Build.0 = Debug|Any CPU
		{FFCC3B5A-7A65-453A-9C77-3B3CDB79F3A6}.Release|Any CPU.ActiveCfg = Release|Any CPU
		{FFCC3B5A-7A65-453A-9C77-3B3CDB79F3A6}.Release|Any CPU.Build.0 = Release|Any CPU
	EndGlobalSection
	GlobalSection(SolutionProperties) = preSolution
		HideSolutionNode = FALSE
	EndGlobalSection
	GlobalSection(ExtensibilityGlobals) = postSolution
		SolutionGuid = {19987327-1C89-409C-AE6E-6D6FB71C295A}
	EndGlobalSection
EndGlobal
