Microsoft Visual Studio Solution File, Format Version 12.00
# Visual Studio Version 17
VisualStudioVersion = 17.10.35027.167
MinimumVisualStudioVersion = 10.0.40219.1
Project("{9A19103F-16F7-4668-BE54-9A1E7A4F7556}") = "Chinook.ConsoleTest", "Chinook.ConsoleTest\Chinook.ConsoleTest.csproj", "{DE814EF8-CE52-D7E6-BF76-861D2B7B4ED6}"
EndProject
Project("{9A19103F-16F7-4668-BE54-9A1E7A4F7556}") = "Chinook.DataUnitTest", "Chinook.DataUnitTest\Chinook.DataUnitTest.csproj", "{A8C743E7-A386-FFA3-636E-BF4021EE429E}"
EndProject
Project("{9A19103F-16F7-4668-BE54-9A1E7A4F7556}") = "Chinook.Data", "Chinook.Data\Chinook.Data.csproj", "{79B2289A-DFFC-2BBA-B1CC-D56EA7362E46}"
EndProject
Project("{9A19103F-16F7-4668-BE54-9A1E7A4F7556}") = "Chinook.Web", "Chinook.Web\Chinook.Web.csproj", "{52267978-617C-05C1-A2E1-2A1165181B48}"
EndProject
Global
	GlobalSection(ExtensibilityGlobals) = postSolution
		SolutionGuid = {40502ED4-B5F9-4817-A2CF-BA9CD00DAE2B}
	EndGlobalSection
	GlobalSection(SolutionConfigurationPlatforms) = preSolution
		Debug|Any CPU = Debug|Any CPU
		Release|Any CPU = Release|Any CPU
	EndGlobalSection
	GlobalSection(ProjectConfigurationPlatforms) = postSolution
		{52267978-617C-05C1-A2E1-2A1165181B48}.Debug|Any CPU.Build.0 = Debug|Any CPU
		{A8C743E7-A386-FFA3-636E-BF4021EE429E}.Debug|Any CPU.Build.0 = Debug|Any CPU
		{DE814EF8-CE52-D7E6-BF76-861D2B7B4ED6}.Debug|Any CPU.ActiveCfg = Debug|Any CPU
		{DE814EF8-CE52-D7E6-BF76-861D2B7B4ED6}.Debug|Any CPU.Build.0 = Debug|Any CPU
		{DE814EF8-CE52-D7E6-BF76-861D2B7B4ED6}.Release|Any CPU.ActiveCfg = Release|Any CPU
		{DE814EF8-CE52-D7E6-BF76-861D2B7B4ED6}.Release|Any CPU.Build.0 = Release|Any CPU
		{A8C743E7-A386-FFA3-636E-BF4021EE429E}.Debug|Any CPU.ActiveCfg = Debug|Any CPU
		{A8C743E7-A386-FFA3-636E-BF4021EE429E}.Release|Any CPU.ActiveCfg = Release|Any CPU
		{A8C743E7-A386-FFA3-636E-BF4021EE429E}.Release|Any CPU.Build.0 = Release|Any CPU
		{79B2289A-DFFC-2BBA-B1CC-D56EA7362E46}.Debug|Any CPU.ActiveCfg = Debug|Any CPU
		{79B2289A-DFFC-2BBA-B1CC-D56EA7362E46}.Debug|Any CPU.Build.0 = Debug|Any CPU
		{79B2289A-DFFC-2BBA-B1CC-D56EA7362E46}.Release|Any CPU.ActiveCfg = Release|Any CPU
		{79B2289A-DFFC-2BBA-B1CC-D56EA7362E46}.Release|Any CPU.Build.0 = Release|Any CPU
		{52267978-617C-05C1-A2E1-2A1165181B48}.Debug|Any CPU.ActiveCfg = Debug|Any CPU
		{52267978-617C-05C1-A2E1-2A1165181B48}.Release|Any CPU.ActiveCfg = Release|Any CPU
		{52267978-617C-05C1-A2E1-2A1165181B48}.Release|Any CPU.Build.0 = Release|Any CPU
	EndGlobalSection
	GlobalSection(SolutionProperties) = preSolution
		HideSolutionNode = FALSE
	EndGlobalSection
EndGlobal
Release|Any CPU.Build.0 = Release|Any CPU
		{52267978-617C-05C1-A2E1-2A1165181B48}.Debug|Any CPU.ActiveCfg = Debug|Any CPU
		{52267978-617C-05C1-A2E1-2A1165181B48}.Release|Any CPU.ActiveCfg = Release|Any CPU
		{52267978-617C-05C1-A2E1-2A1165181B48}.Release|Any CPU.Build.0 = Release|Any CPU
	EndGlobalSection
	GlobalSection(SolutionProperties) = preSolution
		HideSolutionNode = FALSE
	EndGlobalSection
EndGlobal
y CPU
	EndGlobalSection
	GlobalSection(SolutionProperties) = preSolution
		HideSolutionNode = FALSE
	EndGlobalSection
EndGlobal
PU
		{2FC8264A-E465-69B4-49C7-F8B0C861F25C}.Debug|Any CPU.ActiveCfg = Debug|Any CPU
		{2FC8264A-E465-69B4-49C7-F8B0C861F25C}.Release|Any CPU.ActiveCfg = Release|Any CPU
		{2FC8264A-E465-69B4-49C7-F8B0C861F25C}.Release|Any CPU.Build.0 = Release|Any CPU
		{52267978-617C-05C1-A2E1-2A1165181B48}.Debug|Any CPU.ActiveCfg = Debug|Any CPU
		{52267978-617C-05C1-A2E1-2A1165181B48}.Release|Any CPU.ActiveCfg = Release|Any CPU
		{52267978-617C-05C1-A2E1-2A1165181B48}.Release|Any CPU.Build.0 = Release|Any CPU
	EndGlobalSection
	GlobalSection(SolutionProperties) = preSolution
		HideSolutionNode = FALSE
	EndGlobalSection
EndGlobal
n
EndGlobal
65181B48}.Debug|Any CPU.ActiveCfg = Debug|Any CPU
		{52267978-617C-05C1-A2E1-2A1165181B48}.Release|Any CPU.ActiveCfg = Release|Any CPU
		{52267978-617C-05C1-A2E1-2A1165181B48}.Release|Any CPU.Build.0 = Release|Any CPU
	EndGlobalSection
	GlobalSection(SolutionProperties) = preSolution
		HideSolutionNode = FALSE
	EndGlobalSection
EndGlobal
8}.Release|Any CPU.ActiveCfg = Release|Any CPU
		{52267978-617C-05C1-A2E1-2A1165181B48}.Release|Any CPU.Build.0 = Release|Any CPU
	EndGlobalSection
	GlobalSection(SolutionProperties) = preSolution
		HideSolutionNode = FALSE
	EndGlobalSection
EndGlobal
