Microsoft Visual Studio Solution File, Format Version 12.00
# Visual Studio Version 17
VisualStudioVersion = 17.5.002.0
MinimumVisualStudioVersion = 10.0.40219.1
Project("{9A19103F-16F7-4668-BE54-9A1E7A4F7556}") = "Chinook.Gccg", "Chinook.Gccg\Chinook.Gccg.csproj", "{FF4DD5A1-570E-45C8-8D07-85C882095EBF}"
EndProject
Project("{9A19103F-16F7-4668-BE54-9A1E7A4F7556}") = "Gccg.Core", "..\Gccg\Gccg.Core\Gccg.Core.csproj", "{C6397BCB-90A5-4DC6-AFD5-6B72CC8DED14}"
EndProject
Global
	GlobalSection(ProjectConfigurationPlatforms) = postSolution
		{C6397BCB-90A5-4DC6-AFD5-6B72CC8DED14}.Debug|Any CPU.ActiveCfg = Debug|Any CPU
		{C6397BCB-90A5-4DC6-AFD5-6B72CC8DED14}.Debug|Any CPU.Build.0 = Debug|Any CPU
		{C6397BCB-90A5-4DC6-AFD5-6B72CC8DED14}.Release|Any CPU.ActiveCfg = Release|Any CPU
		{C6397BCB-90A5-4DC6-AFD5-6B72CC8DED14}.Release|Any CPU.Build.0 = Release|Any CPU
		{FF4DD5A1-570E-45C8-8D07-85C882095EBF}.Debug|Any CPU.ActiveCfg = Debug|Any CPU
		{FF4DD5A1-570E-45C8-8D07-85C882095EBF}.Debug|Any CPU.Build.0 = Debug|Any CPU
		{FF4DD5A1-570E-45C8-8D07-85C882095EBF}.Release|Any CPU.ActiveCfg = Release|Any CPU
		{FF4DD5A1-570E-45C8-8D07-85C882095EBF}.Release|Any CPU.Build.0 = Release|Any CPU
	EndGlobalSection
	GlobalSection(SolutionConfigurationPlatforms) = preSolution
		Debug|Any CPU = Debug|Any CPU
		Release|Any CPU = Release|Any CPU
	EndGlobalSection
	GlobalSection(SolutionProperties) = preSolution
		HideSolutionNode = FALSE
	EndGlobalSection
	GlobalSection(ExtensibilityGlobals) = postSolution
		SolutionGuid = {19987327-1C89-409C-AE6E-6D6FB71C295A}
	EndGlobalSection
EndGlobal
