<Solution>
  <Folder Name="/files/">
    <File Path="gccg-commmands.txt" />
  </Folder>
  <Project Path="Chinook.ConsoleTest/Chinook.ConsoleTest.csproj" />
  <Project Path="Chinook.Data/Chinook.Data.csproj" />
  <Project Path="Chinook.DataUnitTest/Chinook.DataUnitTest.csproj" />
  <Project Path="Chinook.Web/Chinook.Web.csproj" />
</Solution>
